// !$*UTF8*$!
{
	archiveVersion = 1;
	classes = {
	};
	objectVersion = 46;
	objects = {

/* Begin PBXBuildFile section */
		3B296C691DFFE087000A5448 /* AppDelegate.swift in Sources */ = {isa = PBXBuildFile; fileRef = 3B296C5A1DFFE087000A5448 /* AppDelegate.swift */; };
		3B296C6A1DFFE087000A5448 /* ViewController.swift in Sources */ = {isa = PBXBuildFile; fileRef = 3B296C5C1DFFE087000A5448 /* ViewController.swift */; };
		3B296C6B1DFFE087000A5448 /* Assets.xcassets in Resources */ = {isa = PBXBuildFile; fileRef = 3B296C5F1DFFE087000A5448 /* Assets.xcassets */; };
		3B296C6C1DFFE087000A5448 /* LaunchScreen.storyboard in Resources */ = {isa = PBXBuildFile; fileRef = 3B296C631DFFE087000A5448 /* LaunchScreen.storyboard */; };
		3B296C6D1DFFE087000A5448 /* Main.storyboard in Resources */ = {isa = PBXBuildFile; fileRef = 3B296C641DFFE087000A5448 /* Main.storyboard */; };
		3B296C6E1DFFE087000A5448 /* Info.plist in Resources */ = {isa = PBXBuildFile; fileRef = 3B296C681DFFE087000A5448 /* Info.plist */; };
/* End PBXBuildFile section */

/* Begin PBXFileReference section */
		3B296C441DFFE06B000A5448 /* FileManagerHomework.app */ = {isa = PBXFileReference; explicitFileType = wrapper.application; includeInIndex = 0; path = FileManagerHomework.app; sourceTree = BUILT_PRODUCTS_DIR; };
		3B296C5A1DFFE087000A5448 /* AppDelegate.swift */ = {isa = PBXFileReference; fileEncoding = 4; lastKnownFileType = sourcecode.swift; path = AppDelegate.swift; sourceTree = "<group>"; };
		3B296C5C1DFFE087000A5448 /* ViewController.swift */ = {isa = PBXFileReference; fileEncoding = 4; lastKnownFileType = sourcecode.swift; path = ViewController.swift; sourceTree = "<group>"; };
		3B296C5F1DFFE087000A5448 /* Assets.xcassets */ = {isa = PBXFileReference; lastKnownFileType = folder.assetcatalog; path = Assets.xcassets; sourceTree = "<group>"; };
		3B296C631DFFE087000A5448 /* LaunchScreen.storyboard */ = {isa = PBXFileReference; fileEncoding = 4; lastKnownFileType = file.storyboard; path = LaunchScreen.storyboard; sourceTree = "<group>"; };
		3B296C641DFFE087000A5448 /* Main.storyboard */ = {isa = PBXFileReference; fileEncoding = 4; lastKnownFileType = file.storyboard; path = Main.storyboard; sourceTree = "<group>"; };
		3B296C681DFFE087000A5448 /* Info.plist */ = {isa = PBXFileReference; fileEncoding = 4; lastKnownFileType = text.plist.xml; path = Info.plist; sourceTree = "<group>"; };
/* End PBXFileReference section */

/* Begin PBXFrameworksBuildPhase section */
		3B296C411DFFE06B000A5448 /* Frameworks */ = {
			isa = PBXFrameworksBuildPhase;
			buildActionMask = 2147483647;
			files = (
			);
			runOnlyForDeploymentPostprocessing = 0;
		};
/* End PBXFrameworksBuildPhase section */

/* Begin PBXGroup section */
		3B296C3B1DFFE06A000A5448 = {
			isa = PBXGroup;
			children = (
				3B296C461DFFE06B000A5448 /* FileManagerHomework */,
				3B296C451DFFE06B000A5448 /* Products */,
			);
			sourceTree = "<group>";
		};
		3B296C451DFFE06B000A5448 /* Products */ = {
			isa = PBXGroup;
			children = (
				3B296C441DFFE06B000A5448 /* FileManagerHomework.app */,
			);
			name = Products;
			sourceTree = "<group>";
		};
		3B296C461DFFE06B000A5448 /* FileManagerHomework */ = {
			isa = PBXGroup;
			children = (
				3B296C591DFFE087000A5448 /* Applications */,
				3B296C5B1DFFE087000A5448 /* Controller */,
				3B296C5D1DFFE087000A5448 /* Model */,
				3B296C5E1DFFE087000A5448 /* Resources */,
				3B296C601DFFE087000A5448 /* View */,
				3B296C651DFFE087000A5448 /* Libraries */,
				3B296C661DFFE087000A5448 /* Services */,
				3B296C671DFFE087000A5448 /* SupportingFile */,
			);
			path = FileManagerHomework;
			sourceTree = "<group>";
		};
		3B296C591DFFE087000A5448 /* Applications */ = {
			isa = PBXGroup;
			children = (
				3B296C5A1DFFE087000A5448 /* AppDelegate.swift */,
			);
			path = Applications;
			sourceTree = "<group>";
		};
		3B296C5B1DFFE087000A5448 /* Controller */ = {
			isa = PBXGroup;
			children = (
				3B296C5C1DFFE087000A5448 /* ViewController.swift */,
			);
			path = Controller;
			sourceTree = "<group>";
		};
		3B296C5D1DFFE087000A5448 /* Model */ = {
			isa = PBXGroup;
			children = (
			);
			path = Model;
			sourceTree = "<group>";
		};
		3B296C5E1DFFE087000A5448 /* Resources */ = {
			isa = PBXGroup;
			children = (
				3B296C5F1DFFE087000A5448 /* Assets.xcassets */,
			);
			path = Resources;
			sourceTree = "<group>";
		};
		3B296C601DFFE087000A5448 /* View */ = {
			isa = PBXGroup;
			children = (
				3B296C611DFFE087000A5448 /* CustomCell */,
				3B296C621DFFE087000A5448 /* Storyboard */,
			);
			path = View;
			sourceTree = "<group>";
		};
		3B296C611DFFE087000A5448 /* CustomCell */ = {
			isa = PBXGroup;
			children = (
			);
			path = CustomCell;
			sourceTree = "<group>";
		};
		3B296C621DFFE087000A5448 /* Storyboard */ = {
			isa = PBXGroup;
			children = (
				3B296C631DFFE087000A5448 /* LaunchScreen.storyboard */,
				3B296C641DFFE087000A5448 /* Main.storyboard */,
			);
			path = Storyboard;
			sourceTree = "<group>";
		};
		3B296C651DFFE087000A5448 /* Libraries */ = {
			isa = PBXGroup;
			children = (
			);
			path = Libraries;
			sourceTree = "<group>";
		};
		3B296C661DFFE087000A5448 /* Services */ = {
			isa = PBXGroup;
			children = (
			);
			path = Services;
			sourceTree = "<group>";
		};
		3B296C671DFFE087000A5448 /* SupportingFile */ = {
			isa = PBXGroup;
			children = (
				3B296C681DFFE087000A5448 /* Info.plist */,
			);
			path = SupportingFile;
			sourceTree = "<group>";
		};
/* End PBXGroup section */

/* Begin PBXNativeTarget section */
		3B296C431DFFE06B000A5448 /* FileManagerHomework */ = {
			isa = PBXNativeTarget;
			buildConfigurationList = 3B296C561DFFE06B000A5448 /* Build configuration list for PBXNativeTarget "FileManagerHomework" */;
			buildPhases = (
				3B296C401DFFE06B000A5448 /* Sources */,
				3B296C411DFFE06B000A5448 /* Frameworks */,
				3B296C421DFFE06B000A5448 /* Resources */,
			);
			buildRules = (
			);
			dependencies = (
			);
			name = FileManagerHomework;
			productName = FileManagerHomework;
			productReference = 3B296C441DFFE06B000A5448 /* FileManagerHomework.app */;
			productType = "com.apple.product-type.application";
		};
/* End PBXNativeTarget section */

/* Begin PBXProject section */
		3B296C3C1DFFE06A000A5448 /* Project object */ = {
			isa = PBXProject;
			attributes = {
				LastSwiftUpdateCheck = 0810;
				LastUpgradeCheck = 0810;
				ORGANIZATIONNAME = minea;
				TargetAttributes = {
					3B296C431DFFE06B000A5448 = {
						CreatedOnToolsVersion = 8.1;
						ProvisioningStyle = Automatic;
					};
				};
			};
			buildConfigurationList = 3B296C3F1DFFE06A000A5448 /* Build configuration list for PBXProject "FileManagerHomework" */;
			compatibilityVersion = "Xcode 3.2";
			developmentRegion = English;
			hasScannedForEncodings = 0;
			knownRegions = (
				en,
				Base,
			);
			mainGroup = 3B296C3B1DFFE06A000A5448;
			productRefGroup = 3B296C451DFFE06B000A5448 /* Products */;
			projectDirPath = "";
			projectRoot = "";
			targets = (
				3B296C431DFFE06B000A5448 /* FileManagerHomework */,
			);
		};
/* End PBXProject section */

/* Begin PBXResourcesBuildPhase section */
		3B296C421DFFE06B000A5448 /* Resources */ = {
			isa = PBXResourcesBuildPhase;
			buildActionMask = 2147483647;
			files = (
				3B296C6E1DFFE087000A5448 /* Info.plist in Resources */,
				3B296C6D1DFFE087000A5448 /* Main.storyboard in Resources */,
				3B296C6B1DFFE087000A5448 /* Assets.xcassets in Resources */,
				3B296C6C1DFFE087000A5448 /* LaunchScreen.storyboard in Resources */,
			);
			runOnlyForDeploymentPostprocessing = 0;
		};
/* End PBXResourcesBuildPhase section */

/* Begin PBXSourcesBuildPhase section */
		3B296C401DFFE06B000A5448 /* Sources */ = {
			isa = PBXSourcesBuildPhase;
			buildActionMask = 2147483647;
			files = (
				3B296C6A1DFFE087000A5448 /* ViewController.swift in Sources */,
				3B296C691DFFE087000A5448 /* AppDelegate.swift in Sources */,
			);
			runOnlyForDeploymentPostprocessing = 0;
		};
/* End PBXSourcesBuildPhase section */

/* Begin XCBuildConfiguration section */
		3B296C541DFFE06B000A5448 /* Debug */ = {
			isa = XCBuildConfiguration;
			buildSettings = {
				ALWAYS_SEARCH_USER_PATHS = NO;
				CLANG_ANALYZER_NONNULL = YES;
				CLANG_CXX_LANGUAGE_STANDARD = "gnu++0x";
				CLANG_CXX_LIBRARY = "libc++";
				CLANG_ENABLE_MODULES = YES;
				CLANG_ENABLE_OBJC_ARC = YES;
				CLANG_WARN_BOOL_CONVERSION = YES;
				CLANG_WARN_CONSTANT_CONVERSION = YES;
				CLANG_WARN_DIRECT_OBJC_ISA_USAGE = YES_ERROR;
				CLANG_WARN_DOCUMENTATION_COMMENTS = YES;
				CLANG_WARN_EMPTY_BODY = YES;
				CLANG_WARN_ENUM_CONVERSION = YES;
				CLANG_WARN_INFINITE_RECURSION = YES;
				CLANG_WARN_INT_CONVERSION = YES;
				CLANG_WARN_OBJC_ROOT_CLASS = YES_ERROR;
				CLANG_WARN_SUSPICIOUS_MOVES = YES;
				CLANG_WARN_UNREACHABLE_CODE = YES;
				CLANG_WARN__DUPLICATE_METHOD_MATCH = YES;
				"CODE_SIGN_IDENTITY[sdk=iphoneos*]" = "iPhone Developer";
				COPY_PHASE_STRIP = NO;
				DEBUG_INFORMATION_FORMAT = dwarf;
				ENABLE_STRICT_OBJC_MSGSEND = YES;
				ENABLE_TESTABILITY = YES;
				GCC_C_LANGUAGE_STANDARD = gnu99;
				GCC_DYNAMIC_NO_PIC = NO;
				GCC_NO_COMMON_BLOCKS = YES;
				GCC_OPTIMIZATION_LEVEL = 0;
				GCC_PREPROCESSOR_DEFINITIONS = (
					"DEBUG=1",
					"$(inherited)",
				);
				GCC_WARN_64_TO_32_BIT_CONVERSION = YES;
				GCC_WARN_ABOUT_RETURN_TYPE = YES_ERROR;
				GCC_WARN_UNDECLARED_SELECTOR = YES;
				GCC_WARN_UNINITIALIZED_AUTOS = YES_AGGRESSIVE;
				GCC_WARN_UNUSED_FUNCTION = YES;
				GCC_WARN_UNUSED_VARIABLE = YES;
				IPHONEOS_DEPLOYMENT_TARGET = 10.1;
				MTL_ENABLE_DEBUG_INFO = YES;
				ONLY_ACTIVE_ARCH = YES;
				SDKROOT = iphoneos;
				SWIFT_ACTIVE_COMPILATION_CONDITIONS = DEBUG;
				SWIFT_OPTIMIZATION_LEVEL = "-Onone";
				TARGETED_DEVICE_FAMILY = "1,2";
			};
			name = Debug;
		};
		3B296C551DFFE06B000A5448 /* Release */ = {
			isa = XCBuildConfiguration;
			buildSettings = {
				ALWAYS_SEARCH_USER_PATHS = NO;
				CLANG_ANALYZER_NONNULL = YES;
				CLANG_CXX_LANGUAGE_STANDARD = "gnu++0x";
				CLANG_CXX_LIBRARY = "libc++";
				CLANG_ENABLE_MODULES = YES;
				CLANG_ENABLE_OBJC_ARC = YES;
				CLANG_WARN_BOOL_CONVERSION = YES;
				CLANG_WARN_CONSTANT_CONVERSION = YES;
				CLANG_WARN_DIRECT_OBJC_ISA_USAGE = YES_ERROR;
				CLANG_WARN_DOCUMENTATION_COMMENTS = YES;
				CLANG_WARN_EMPTY_BODY = YES;
				CLANG_WARN_ENUM_CONVERSION = YES;
				CLANG_WARN_INFINITE_RECURSION = YES;
				CLANG_WARN_INT_CONVERSION = YES;
				CLANG_WARN_OBJC_ROOT_CLASS = YES_ERROR;
				CLANG_WARN_SUSPICIOUS_MOVES = YES;
				CLANG_WARN_UNREACHABLE_CODE = YES;
				CLANG_WARN__DUPLICATE_METHOD_MATCH = YES;
				"CODE_SIGN_IDENTITY[sdk=iphoneos*]" = "iPhone Developer";
				COPY_PHASE_STRIP = NO;
				DEBUG_INFORMATION_FORMAT = "dwarf-with-dsym";
				ENABLE_NS_ASSERTIONS = NO;
				ENABLE_STRICT_OBJC_MSGSEND = YES;
				GCC_C_LANGUAGE_STANDARD = gnu99;
				GCC_NO_COMMON_BLOCKS = YES;
				GCC_WARN_64_TO_32_BIT_CONVERSION = YES;
				GCC_WARN_ABOUT_RETURN_TYPE = YES_ERROR;
				GCC_WARN_UNDECLARED_SELECTOR = YES;
				GCC_WARN_UNINITIALIZED_AUTOS = YES_AGGRESSIVE;
				GCC_WARN_UNUSED_FUNCTION = YES;
				GCC_WARN_UNUSED_VARIABLE = YES;
				IPHONEOS_DEPLOYMENT_TARGET = 10.1;
				MTL_ENABLE_DEBUG_INFO = NO;
				SDKROOT = iphoneos;
				SWIFT_OPTIMIZATION_LEVEL = "-Owholemodule";
				TARGETED_DEVICE_FAMILY = "1,2";
				VALIDATE_PRODUCT = YES;
			};
			name = Release;
		};
		3B296C571DFFE06B000A5448 /* Debug */ = {
			isa = XCBuildConfiguration;
			buildSettings = {
				ASSETCATALOG_COMPILER_APPICON_NAME = AppIcon;
				INFOPLIST_FILE = FileManagerHomework/Info.plist;
				LD_RUNPATH_SEARCH_PATHS = "$(inherited) @executable_path/Frameworks";
				PRODUCT_BUNDLE_IDENTIFIER = com.minea.FileManagerHomework;
				PRODUCT_NAME = "$(TARGET_NAME)";
				SWIFT_VERSION = 3.0;
			};
			name = Debug;
		};
		3B296C581DFFE06B000A5448 /* Release */ = {
			isa = XCBuildConfiguration;
			buildSettings = {
				ASSETCATALOG_COMPILER_APPICON_NAME = AppIcon;
				INFOPLIST_FILE = FileManagerHomework/Info.plist;
				LD_RUNPATH_SEARCH_PATHS = "$(inherited) @executable_path/Frameworks";
				PRODUCT_BUNDLE_IDENTIFIER = com.minea.FileManagerHomework;
				PRODUCT_NAME = "$(TARGET_NAME)";
				SWIFT_VERSION = 3.0;
			};
			name = Release;
		};
/* End XCBuildConfiguration section */

/* Begin XCConfigurationList section */
		3B296C3F1DFFE06A000A5448 /* Build configuration list for PBXProject "FileManagerHomework" */ = {
			isa = XCConfigurationList;
			buildConfigurations = (
				3B296C541DFFE06B000A5448 /* Debug */,
				3B296C551DFFE06B000A5448 /* Release */,
			);
			defaultConfigurationIsVisible = 0;
			defaultConfigurationName = Release;
		};
		3B296C561DFFE06B000A5448 /* Build configuration list for PBXNativeTarget "FileManagerHomework" */ = {
			isa = XCConfigurationList;
			buildConfigurations = (
				3B296C571DFFE06B000A5448 /* Debug */,
				3B296C581DFFE06B000A5448 /* Release */,
			);
			defaultConfigurationIsVisible = 0;
		};
/* End XCConfigurationList section */
	};
	rootObject = 3B296C3C1DFFE06A000A5448 /* Project object */;
}
