// !$*UTF8*$!
{
	archiveVersion = 1;
	classes = {
	};
	objectVersion = 46;
	objects = {

/* Begin PBXBuildFile section */
		231D66E4EA3D1AC509140AA9 /* Pods_FileManagerHomework.framework in Frameworks */ = {isa = PBXBuildFile; fileRef = 564A7F796AFACC02F34F02D0 /* Pods_FileManagerHomework.framework */; };
		3B296C691DFFE087000A5448 /* AppDelegate.swift in Sources */ = {isa = PBXBuildFile; fileRef = 3B296C5A1DFFE087000A5448 /* AppDelegate.swift */; };
		3B296C6B1DFFE087000A5448 /* Assets.xcassets in Resources */ = {isa = PBXBuildFile; fileRef = 3B296C5F1DFFE087000A5448 /* Assets.xcassets */; };
		3B296C6C1DFFE087000A5448 /* LaunchScreen.storyboard in Resources */ = {isa = PBXBuildFile; fileRef = 3B296C631DFFE087000A5448 /* LaunchScreen.storyboard */; };
		3B296C6D1DFFE087000A5448 /* Main.storyboard in Resources */ = {isa = PBXBuildFile; fileRef = 3B296C641DFFE087000A5448 /* Main.storyboard */; };
		3B296C6E1DFFE087000A5448 /* Info.plist in Resources */ = {isa = PBXBuildFile; fileRef = 3B296C681DFFE087000A5448 /* Info.plist */; };
		3B9559261E06CA83003C304E /* ArticleViewTablePresenter.swift in Sources */ = {isa = PBXBuildFile; fileRef = 3B9559251E06CA83003C304E /* ArticleViewTablePresenter.swift */; };
		3B9559291E06CB30003C304E /* ArticleViewPresenterProtocol.swift in Sources */ = {isa = PBXBuildFile; fileRef = 3B9559281E06CB30003C304E /* ArticleViewPresenterProtocol.swift */; };
		3B95592C1E06CC6C003C304E /* ArticleViewProtocol.swift in Sources */ = {isa = PBXBuildFile; fileRef = 3B95592B1E06CC6C003C304E /* ArticleViewProtocol.swift */; };
		3BA404691E005A4B009E98F2 /* ArticleTableViewCell.swift in Sources */ = {isa = PBXBuildFile; fileRef = 3BA404681E005A4B009E98F2 /* ArticleTableViewCell.swift */; };
		3BA4046B1E005A7B009E98F2 /* HomeArticleTableViewController.swift in Sources */ = {isa = PBXBuildFile; fileRef = 3BA4046A1E005A7B009E98F2 /* HomeArticleTableViewController.swift */; };
		3BFF453B1E04407500F2229F /* Articles.swift in Sources */ = {isa = PBXBuildFile; fileRef = 3BFF453A1E04407500F2229F /* Articles.swift */; };
		3BFF45441E044D3800F2229F /* ArticleServiceAPI.swift in Sources */ = {isa = PBXBuildFile; fileRef = 3BFF45431E044D3800F2229F /* ArticleServiceAPI.swift */; };
		3BFF45471E04519A00F2229F /* ArticleConstantAPI.swift in Sources */ = {isa = PBXBuildFile; fileRef = 3BFF45461E04519A00F2229F /* ArticleConstantAPI.swift */; };
/* End PBXBuildFile section */

/* Begin PBXFileReference section */
		1CA6BDAA9CA01A27034ADFF8 /* Pods-FileManagerHomework.release.xcconfig */ = {isa = PBXFileReference; includeInIndex = 1; lastKnownFileType = text.xcconfig; name = "Pods-FileManagerHomework.release.xcconfig"; path = "Pods/Target Support Files/Pods-FileManagerHomework/Pods-FileManagerHomework.release.xcconfig"; sourceTree = "<group>"; };
		3B296C441DFFE06B000A5448 /* FileManagerHomework.app */ = {isa = PBXFileReference; explicitFileType = wrapper.application; includeInIndex = 0; path = FileManagerHomework.app; sourceTree = BUILT_PRODUCTS_DIR; };
		3B296C5A1DFFE087000A5448 /* AppDelegate.swift */ = {isa = PBXFileReference; fileEncoding = 4; lastKnownFileType = sourcecode.swift; path = AppDelegate.swift; sourceTree = "<group>"; };
		3B296C5F1DFFE087000A5448 /* Assets.xcassets */ = {isa = PBXFileReference; lastKnownFileType = folder.assetcatalog; path = Assets.xcassets; sourceTree = "<group>"; };
		3B296C631DFFE087000A5448 /* LaunchScreen.storyboard */ = {isa = PBXFileReference; fileEncoding = 4; lastKnownFileType = file.storyboard; path = LaunchScreen.storyboard; sourceTree = "<group>"; };
		3B296C641DFFE087000A5448 /* Main.storyboard */ = {isa = PBXFileReference; fileEncoding = 4; lastKnownFileType = file.storyboard; path = Main.storyboard; sourceTree = "<group>"; };
		3B296C681DFFE087000A5448 /* Info.plist */ = {isa = PBXFileReference; fileEncoding = 4; lastKnownFileType = text.plist.xml; path = Info.plist; sourceTree = "<group>"; };
		3B9559251E06CA83003C304E /* ArticleViewTablePresenter.swift */ = {isa = PBXFileReference; fileEncoding = 4; lastKnownFileType = sourcecode.swift; path = ArticleViewTablePresenter.swift; sourceTree = "<group>"; };
		3B9559281E06CB30003C304E /* ArticleViewPresenterProtocol.swift */ = {isa = PBXFileReference; fileEncoding = 4; lastKnownFileType = sourcecode.swift; path = ArticleViewPresenterProtocol.swift; sourceTree = "<group>"; };
		3B95592B1E06CC6C003C304E /* ArticleViewProtocol.swift */ = {isa = PBXFileReference; fileEncoding = 4; lastKnownFileType = sourcecode.swift; path = ArticleViewProtocol.swift; sourceTree = "<group>"; };
		3BA404681E005A4B009E98F2 /* ArticleTableViewCell.swift */ = {isa = PBXFileReference; fileEncoding = 4; lastKnownFileType = sourcecode.swift; path = ArticleTableViewCell.swift; sourceTree = "<group>"; };
		3BA4046A1E005A7B009E98F2 /* HomeArticleTableViewController.swift */ = {isa = PBXFileReference; fileEncoding = 4; lastKnownFileType = sourcecode.swift; path = HomeArticleTableViewController.swift; sourceTree = "<group>"; };
		3BFF453A1E04407500F2229F /* Articles.swift */ = {isa = PBXFileReference; fileEncoding = 4; lastKnownFileType = sourcecode.swift; path = Articles.swift; sourceTree = "<group>"; };
		3BFF45431E044D3800F2229F /* ArticleServiceAPI.swift */ = {isa = PBXFileReference; fileEncoding = 4; lastKnownFileType = sourcecode.swift; path = ArticleServiceAPI.swift; sourceTree = "<group>"; };
		3BFF45461E04519A00F2229F /* ArticleConstantAPI.swift */ = {isa = PBXFileReference; fileEncoding = 4; lastKnownFileType = sourcecode.swift; path = ArticleConstantAPI.swift; sourceTree = "<group>"; };
		564A7F796AFACC02F34F02D0 /* Pods_FileManagerHomework.framework */ = {isa = PBXFileReference; explicitFileType = wrapper.framework; includeInIndex = 0; path = Pods_FileManagerHomework.framework; sourceTree = BUILT_PRODUCTS_DIR; };
		750A97D91C5BABDB6E0F7FE8 /* Pods-FileManagerHomework.debug.xcconfig */ = {isa = PBXFileReference; includeInIndex = 1; lastKnownFileType = text.xcconfig; name = "Pods-FileManagerHomework.debug.xcconfig"; path = "Pods/Target Support Files/Pods-FileManagerHomework/Pods-FileManagerHomework.debug.xcconfig"; sourceTree = "<group>"; };
/* End PBXFileReference section */

/* Begin PBXFrameworksBuildPhase section */
		3B296C411DFFE06B000A5448 /* Frameworks */ = {
			isa = PBXFrameworksBuildPhase;
			buildActionMask = 2147483647;
			files = (
				231D66E4EA3D1AC509140AA9 /* Pods_FileManagerHomework.framework in Frameworks */,
			);
			runOnlyForDeploymentPostprocessing = 0;
		};
/* End PBXFrameworksBuildPhase section */

/* Begin PBXGroup section */
		1790AB133E05C7CB72B17BBD /* Pods */ = {
			isa = PBXGroup;
			children = (
				750A97D91C5BABDB6E0F7FE8 /* Pods-FileManagerHomework.debug.xcconfig */,
				1CA6BDAA9CA01A27034ADFF8 /* Pods-FileManagerHomework.release.xcconfig */,
			);
			name = Pods;
			sourceTree = "<group>";
		};
		3B296C3B1DFFE06A000A5448 = {
			isa = PBXGroup;
			children = (
				3B296C461DFFE06B000A5448 /* FileManagerHomework */,
				3B296C451DFFE06B000A5448 /* Products */,
				1790AB133E05C7CB72B17BBD /* Pods */,
				D2BE392B0795FE878B2AB87A /* Frameworks */,
			);
			sourceTree = "<group>";
		};
		3B296C451DFFE06B000A5448 /* Products */ = {
			isa = PBXGroup;
			children = (
				3B296C441DFFE06B000A5448 /* FileManagerHomework.app */,
			);
			name = Products;
			sourceTree = "<group>";
		};
		3B296C461DFFE06B000A5448 /* FileManagerHomework */ = {
			isa = PBXGroup;
			children = (
				3BFF45451E04517400F2229F /* Utitlities */,
				3B296C591DFFE087000A5448 /* Applications */,
				3B296C601DFFE087000A5448 /* View */,
				3B296C5B1DFFE087000A5448 /* Controller */,
				3BFF45391E04403500F2229F /* Presenter */,
				3B296C5D1DFFE087000A5448 /* Model */,
				3B296C651DFFE087000A5448 /* Libraries */,
				3B296C5E1DFFE087000A5448 /* Resources */,
				3B296C671DFFE087000A5448 /* SupportingFile */,
			);
			path = FileManagerHomework;
			sourceTree = "<group>";
		};
		3B296C591DFFE087000A5448 /* Applications */ = {
			isa = PBXGroup;
			children = (
				3B296C5A1DFFE087000A5448 /* AppDelegate.swift */,
			);
			path = Applications;
			sourceTree = "<group>";
		};
		3B296C5B1DFFE087000A5448 /* Controller */ = {
			isa = PBXGroup;
			children = (
				3B95592A1E06CC23003C304E /* Protocol */,
				3BA4046A1E005A7B009E98F2 /* HomeArticleTableViewController.swift */,
				3BFF453C1E0446BC00F2229F /* HomeViewArticle */,
			);
			path = Controller;
			sourceTree = "<group>";
		};
		3B296C5D1DFFE087000A5448 /* Model */ = {
			isa = PBXGroup;
			children = (
				3B296C661DFFE087000A5448 /* Services */,
				3BFF453A1E04407500F2229F /* Articles.swift */,
			);
			path = Model;
			sourceTree = "<group>";
		};
		3B296C5E1DFFE087000A5448 /* Resources */ = {
			isa = PBXGroup;
			children = (
				3B296C5F1DFFE087000A5448 /* Assets.xcassets */,
			);
			path = Resources;
			sourceTree = "<group>";
		};
		3B296C601DFFE087000A5448 /* View */ = {
			isa = PBXGroup;
			children = (
				3B296C611DFFE087000A5448 /* CustomCell */,
				3B296C621DFFE087000A5448 /* Storyboard */,
			);
			path = View;
			sourceTree = "<group>";
		};
		3B296C611DFFE087000A5448 /* CustomCell */ = {
			isa = PBXGroup;
			children = (
				3BA404681E005A4B009E98F2 /* ArticleTableViewCell.swift */,
			);
			path = CustomCell;
			sourceTree = "<group>";
		};
		3B296C621DFFE087000A5448 /* Storyboard */ = {
			isa = PBXGroup;
			children = (
				3B296C631DFFE087000A5448 /* LaunchScreen.storyboard */,
				3B296C641DFFE087000A5448 /* Main.storyboard */,
			);
			path = Storyboard;
			sourceTree = "<group>";
		};
		3B296C651DFFE087000A5448 /* Libraries */ = {
			isa = PBXGroup;
			children = (
			);
			path = Libraries;
			sourceTree = "<group>";
		};
		3B296C661DFFE087000A5448 /* Services */ = {
			isa = PBXGroup;
			children = (
				3B9559271E06CAFE003C304E /* Protocol */,
				3BFF45431E044D3800F2229F /* ArticleServiceAPI.swift */,
			);
			name = Services;
			path = ../Services;
			sourceTree = "<group>";
		};
		3B296C671DFFE087000A5448 /* SupportingFile */ = {
			isa = PBXGroup;
			children = (
				3B296C681DFFE087000A5448 /* Info.plist */,
			);
			path = SupportingFile;
			sourceTree = "<group>";
		};
		3B9559271E06CAFE003C304E /* Protocol */ = {
			isa = PBXGroup;
			children = (
				3B9559281E06CB30003C304E /* ArticleViewPresenterProtocol.swift */,
			);
			path = Protocol;
			sourceTree = "<group>";
		};
		3B95592A1E06CC23003C304E /* Protocol */ = {
			isa = PBXGroup;
			children = (
				3B95592B1E06CC6C003C304E /* ArticleViewProtocol.swift */,
			);
			path = Protocol;
			sourceTree = "<group>";
		};
		3BFF45391E04403500F2229F /* Presenter */ = {
			isa = PBXGroup;
			children = (
				3BFF453D1E044A1A00F2229F /* HomePresenter */,
				3BFF453E1E044A3600F2229F /* EditPresenter */,
			);
			path = Presenter;
			sourceTree = "<group>";
		};
		3BFF453C1E0446BC00F2229F /* HomeViewArticle */ = {
			isa = PBXGroup;
			children = (
			);
			path = HomeViewArticle;
			sourceTree = "<group>";
		};
		3BFF453D1E044A1A00F2229F /* HomePresenter */ = {
			isa = PBXGroup;
			children = (
				3B9559251E06CA83003C304E /* ArticleViewTablePresenter.swift */,
			);
			path = HomePresenter;
			sourceTree = "<group>";
		};
		3BFF453E1E044A3600F2229F /* EditPresenter */ = {
			isa = PBXGroup;
			children = (
			);
			path = EditPresenter;
			sourceTree = "<group>";
		};
		3BFF45451E04517400F2229F /* Utitlities */ = {
			isa = PBXGroup;
			children = (
				3BFF45461E04519A00F2229F /* ArticleConstantAPI.swift */,
			);
			path = Utitlities;
			sourceTree = "<group>";
		};
		D2BE392B0795FE878B2AB87A /* Frameworks */ = {
			isa = PBXGroup;
			children = (
				564A7F796AFACC02F34F02D0 /* Pods_FileManagerHomework.framework */,
			);
			name = Frameworks;
			sourceTree = "<group>";
		};
/* End PBXGroup section */

/* Begin PBXNativeTarget section */
		3B296C431DFFE06B000A5448 /* FileManagerHomework */ = {
			isa = PBXNativeTarget;
			buildConfigurationList = 3B296C561DFFE06B000A5448 /* Build configuration list for PBXNativeTarget "FileManagerHomework" */;
			buildPhases = (
				0D6D5BB62CA2ABBAB17D47FB /* [CP] Check Pods Manifest.lock */,
				3B296C401DFFE06B000A5448 /* Sources */,
				3B296C411DFFE06B000A5448 /* Frameworks */,
				3B296C421DFFE06B000A5448 /* Resources */,
				F2CC66F4F2893FDD26153D57 /* [CP] Embed Pods Frameworks */,
				9F869B67D21EC4C32C0F88D2 /* [CP] Copy Pods Resources */,
			);
			buildRules = (
			);
			dependencies = (
			);
			name = FileManagerHomework;
			productName = FileManagerHomework;
			productReference = 3B296C441DFFE06B000A5448 /* FileManagerHomework.app */;
			productType = "com.apple.product-type.application";
		};
/* End PBXNativeTarget section */

/* Begin PBXProject section */
		3B296C3C1DFFE06A000A5448 /* Project object */ = {
			isa = PBXProject;
			attributes = {
				LastSwiftUpdateCheck = 0810;
				LastUpgradeCheck = 0810;
				ORGANIZATIONNAME = minea;
				TargetAttributes = {
					3B296C431DFFE06B000A5448 = {
						CreatedOnToolsVersion = 8.1;
						ProvisioningStyle = Automatic;
					};
				};
			};
			buildConfigurationList = 3B296C3F1DFFE06A000A5448 /* Build configuration list for PBXProject "FileManagerHomework" */;
			compatibilityVersion = "Xcode 3.2";
			developmentRegion = English;
			hasScannedForEncodings = 0;
			knownRegions = (
				en,
				Base,
			);
			mainGroup = 3B296C3B1DFFE06A000A5448;
			productRefGroup = 3B296C451DFFE06B000A5448 /* Products */;
			projectDirPath = "";
			projectRoot = "";
			targets = (
				3B296C431DFFE06B000A5448 /* FileManagerHomework */,
			);
		};
/* End PBXProject section */

/* Begin PBXResourcesBuildPhase section */
		3B296C421DFFE06B000A5448 /* Resources */ = {
			isa = PBXResourcesBuildPhase;
			buildActionMask = 2147483647;
			files = (
				3B296C6E1DFFE087000A5448 /* Info.plist in Resources */,
				3B296C6D1DFFE087000A5448 /* Main.storyboard in Resources */,
				3B296C6B1DFFE087000A5448 /* Assets.xcassets in Resources */,
				3B296C6C1DFFE087000A5448 /* LaunchScreen.storyboard in Resources */,
			);
			runOnlyForDeploymentPostprocessing = 0;
		};
/* End PBXResourcesBuildPhase section */

/* Begin PBXShellScriptBuildPhase section */
		0D6D5BB62CA2ABBAB17D47FB /* [CP] Check Pods Manifest.lock */ = {
			isa = PBXShellScriptBuildPhase;
			buildActionMask = 2147483647;
			files = (
			);
			inputPaths = (
			);
			name = "[CP] Check Pods Manifest.lock";
			outputPaths = (
			);
			runOnlyForDeploymentPostprocessing = 0;
			shellPath = /bin/sh;
			shellScript = "diff \"${PODS_ROOT}/../Podfile.lock\" \"${PODS_ROOT}/Manifest.lock\" > /dev/null\nif [ $? != 0 ] ; then\n    # print error to STDERR\n    echo \"error: The sandbox is not in sync with the Podfile.lock. Run 'pod install' or update your CocoaPods installation.\" >&2\n    exit 1\nfi\n";
			showEnvVarsInLog = 0;
		};
		9F869B67D21EC4C32C0F88D2 /* [CP] Copy Pods Resources */ = {
			isa = PBXShellScriptBuildPhase;
			buildActionMask = 2147483647;
			files = (
			);
			inputPaths = (
			);
			name = "[CP] Copy Pods Resources";
			outputPaths = (
			);
			runOnlyForDeploymentPostprocessing = 0;
			shellPath = /bin/sh;
			shellScript = "\"${SRCROOT}/Pods/Target Support Files/Pods-FileManagerHomework/Pods-FileManagerHomework-resources.sh\"\n";
			showEnvVarsInLog = 0;
		};
		F2CC66F4F2893FDD26153D57 /* [CP] Embed Pods Frameworks */ = {
			isa = PBXShellScriptBuildPhase;
			buildActionMask = 2147483647;
			files = (
			);
			inputPaths = (
			);
			name = "[CP] Embed Pods Frameworks";
			outputPaths = (
			);
			runOnlyForDeploymentPostprocessing = 0;
			shellPath = /bin/sh;
			shellScript = "\"${SRCROOT}/Pods/Target Support Files/Pods-FileManagerHomework/Pods-FileManagerHomework-frameworks.sh\"\n";
			showEnvVarsInLog = 0;
		};
/* End PBXShellScriptBuildPhase section */

/* Begin PBXSourcesBuildPhase section */
		3B296C401DFFE06B000A5448 /* Sources */ = {
			isa = PBXSourcesBuildPhase;
			buildActionMask = 2147483647;
			files = (
				3BFF453B1E04407500F2229F /* Articles.swift in Sources */,
				3BA404691E005A4B009E98F2 /* ArticleTableViewCell.swift in Sources */,
				3BFF45471E04519A00F2229F /* ArticleConstantAPI.swift in Sources */,
				3B9559261E06CA83003C304E /* ArticleViewTablePresenter.swift in Sources */,
				3BA4046B1E005A7B009E98F2 /* HomeArticleTableViewController.swift in Sources */,
				3B296C691DFFE087000A5448 /* AppDelegate.swift in Sources */,
				3B9559291E06CB30003C304E /* ArticleViewPresenterProtocol.swift in Sources */,
				3B95592C1E06CC6C003C304E /* ArticleViewProtocol.swift in Sources */,
				3BFF45441E044D3800F2229F /* ArticleServiceAPI.swift in Sources */,
			);
			runOnlyForDeploymentPostprocessing = 0;
		};
/* End PBXSourcesBuildPhase section */

/* Begin XCBuildConfiguration section */
		3B296C541DFFE06B000A5448 /* Debug */ = {
			isa = XCBuildConfiguration;
			buildSettings = {
				ALWAYS_SEARCH_USER_PATHS = NO;
				CLANG_ANALYZER_NONNULL = YES;
				CLANG_CXX_LANGUAGE_STANDARD = "gnu++0x";
				CLANG_CXX_LIBRARY = "libc++";
				CLANG_ENABLE_MODULES = YES;
				CLANG_ENABLE_OBJC_ARC = YES;
				CLANG_WARN_BOOL_CONVERSION = YES;
				CLANG_WARN_CONSTANT_CONVERSION = YES;
				CLANG_WARN_DIRECT_OBJC_ISA_USAGE = YES_ERROR;
				CLANG_WARN_DOCUMENTATION_COMMENTS = YES;
				CLANG_WARN_EMPTY_BODY = YES;
				CLANG_WARN_ENUM_CONVERSION = YES;
				CLANG_WARN_INFINITE_RECURSION = YES;
				CLANG_WARN_INT_CONVERSION = YES;
				CLANG_WARN_OBJC_ROOT_CLASS = YES_ERROR;
				CLANG_WARN_SUSPICIOUS_MOVES = YES;
				CLANG_WARN_UNREACHABLE_CODE = YES;
				CLANG_WARN__DUPLICATE_METHOD_MATCH = YES;
				"CODE_SIGN_IDENTITY[sdk=iphoneos*]" = "iPhone Developer";
				COPY_PHASE_STRIP = NO;
				DEBUG_INFORMATION_FORMAT = dwarf;
				ENABLE_STRICT_OBJC_MSGSEND = YES;
				ENABLE_TESTABILITY = YES;
				GCC_C_LANGUAGE_STANDARD = gnu99;
				GCC_DYNAMIC_NO_PIC = NO;
				GCC_NO_COMMON_BLOCKS = YES;
				GCC_OPTIMIZATION_LEVEL = 0;
				GCC_PREPROCESSOR_DEFINITIONS = (
					"DEBUG=1",
					"$(inherited)",
				);
				GCC_WARN_64_TO_32_BIT_CONVERSION = YES;
				GCC_WARN_ABOUT_RETURN_TYPE = YES_ERROR;
				GCC_WARN_UNDECLARED_SELECTOR = YES;
				GCC_WARN_UNINITIALIZED_AUTOS = YES_AGGRESSIVE;
				GCC_WARN_UNUSED_FUNCTION = YES;
				GCC_WARN_UNUSED_VARIABLE = YES;
				IPHONEOS_DEPLOYMENT_TARGET = 10.1;
				MTL_ENABLE_DEBUG_INFO = YES;
				ONLY_ACTIVE_ARCH = YES;
				SDKROOT = iphoneos;
				SWIFT_ACTIVE_COMPILATION_CONDITIONS = DEBUG;
				SWIFT_OPTIMIZATION_LEVEL = "-Onone";
				TARGETED_DEVICE_FAMILY = "1,2";
			};
			name = Debug;
		};
		3B296C551DFFE06B000A5448 /* Release */ = {
			isa = XCBuildConfiguration;
			buildSettings = {
				ALWAYS_SEARCH_USER_PATHS = NO;
				CLANG_ANALYZER_NONNULL = YES;
				CLANG_CXX_LANGUAGE_STANDARD = "gnu++0x";
				CLANG_CXX_LIBRARY = "libc++";
				CLANG_ENABLE_MODULES = YES;
				CLANG_ENABLE_OBJC_ARC = YES;
				CLANG_WARN_BOOL_CONVERSION = YES;
				CLANG_WARN_CONSTANT_CONVERSION = YES;
				CLANG_WARN_DIRECT_OBJC_ISA_USAGE = YES_ERROR;
				CLANG_WARN_DOCUMENTATION_COMMENTS = YES;
				CLANG_WARN_EMPTY_BODY = YES;
				CLANG_WARN_ENUM_CONVERSION = YES;
				CLANG_WARN_INFINITE_RECURSION = YES;
				CLANG_WARN_INT_CONVERSION = YES;
				CLANG_WARN_OBJC_ROOT_CLASS = YES_ERROR;
				CLANG_WARN_SUSPICIOUS_MOVES = YES;
				CLANG_WARN_UNREACHABLE_CODE = YES;
				CLANG_WARN__DUPLICATE_METHOD_MATCH = YES;
				"CODE_SIGN_IDENTITY[sdk=iphoneos*]" = "iPhone Developer";
				COPY_PHASE_STRIP = NO;
				DEBUG_INFORMATION_FORMAT = "dwarf-with-dsym";
				ENABLE_NS_ASSERTIONS = NO;
				ENABLE_STRICT_OBJC_MSGSEND = YES;
				GCC_C_LANGUAGE_STANDARD = gnu99;
				GCC_NO_COMMON_BLOCKS = YES;
				GCC_WARN_64_TO_32_BIT_CONVERSION = YES;
				GCC_WARN_ABOUT_RETURN_TYPE = YES_ERROR;
				GCC_WARN_UNDECLARED_SELECTOR = YES;
				GCC_WARN_UNINITIALIZED_AUTOS = YES_AGGRESSIVE;
				GCC_WARN_UNUSED_FUNCTION = YES;
				GCC_WARN_UNUSED_VARIABLE = YES;
				IPHONEOS_DEPLOYMENT_TARGET = 10.1;
				MTL_ENABLE_DEBUG_INFO = NO;
				SDKROOT = iphoneos;
				SWIFT_OPTIMIZATION_LEVEL = "-Owholemodule";
				TARGETED_DEVICE_FAMILY = "1,2";
				VALIDATE_PRODUCT = YES;
			};
			name = Release;
		};
		3B296C571DFFE06B000A5448 /* Debug */ = {
			isa = XCBuildConfiguration;
			baseConfigurationReference = 750A97D91C5BABDB6E0F7FE8 /* Pods-FileManagerHomework.debug.xcconfig */;
			buildSettings = {
				ASSETCATALOG_COMPILER_APPICON_NAME = AppIcon;
				INFOPLIST_FILE = FileManagerHomework/Info.plist;
				IPHONEOS_DEPLOYMENT_TARGET = 10.1;
				LD_RUNPATH_SEARCH_PATHS = "$(inherited) @executable_path/Frameworks";
				PRODUCT_BUNDLE_IDENTIFIER = com.minea.FileManagerHomework;
				PRODUCT_NAME = "$(TARGET_NAME)";
				SWIFT_VERSION = 3.0;
			};
			name = Debug;
		};
		3B296C581DFFE06B000A5448 /* Release */ = {
			isa = XCBuildConfiguration;
			baseConfigurationReference = 1CA6BDAA9CA01A27034ADFF8 /* Pods-FileManagerHomework.release.xcconfig */;
			buildSettings = {
				ASSETCATALOG_COMPILER_APPICON_NAME = AppIcon;
				INFOPLIST_FILE = FileManagerHomework/Info.plist;
				IPHONEOS_DEPLOYMENT_TARGET = 10.1;
				LD_RUNPATH_SEARCH_PATHS = "$(inherited) @executable_path/Frameworks";
				PRODUCT_BUNDLE_IDENTIFIER = com.minea.FileManagerHomework;
				PRODUCT_NAME = "$(TARGET_NAME)";
				SWIFT_VERSION = 3.0;
			};
			name = Release;
		};
/* End XCBuildConfiguration section */

/* Begin XCConfigurationList section */
		3B296C3F1DFFE06A000A5448 /* Build configuration list for PBXProject "FileManagerHomework" */ = {
			isa = XCConfigurationList;
			buildConfigurations = (
				3B296C541DFFE06B000A5448 /* Debug */,
				3B296C551DFFE06B000A5448 /* Release */,
			);
			defaultConfigurationIsVisible = 0;
			defaultConfigurationName = Release;
		};
		3B296C561DFFE06B000A5448 /* Build configuration list for PBXNativeTarget "FileManagerHomework" */ = {
			isa = XCConfigurationList;
			buildConfigurations = (
				3B296C571DFFE06B000A5448 /* Debug */,
				3B296C581DFFE06B000A5448 /* Release */,
			);
			defaultConfigurationIsVisible = 0;
			defaultConfigurationName = Release;
		};
/* End XCConfigurationList section */
	};
	rootObject = 3B296C3C1DFFE06A000A5448 /* Project object */;
}
